
Microsoft Visual Studio Solution File, Format Version 12.00
# Visual Studio Version 17
VisualStudioVersion = 17.1.32421.90
MinimumVisualStudioVersion = 10.0.40219.1
Project("{9A19103F-16F7-4668-BE54-9A1E7A4F7556}") = "EmployeeWageProgram", "Program1\EmployeeWageProgram.csproj", "{64556A5B-5F5B-4DF1-8472-777E8C28D0EA}"
EndProject
Global
	GlobalSection(SolutionConfigurationPlatforms) = preSolution
		Debug|Any CPU = Debug|Any CPU
		Release|Any CPU = Release|Any CPU
	EndGlobalSection
	GlobalSection(ProjectConfigurationPlatforms) = postSolution
		{64556A5B-5F5B-4DF1-8472-777E8C28D0EA}.Debug|Any CPU.ActiveCfg = Debug|Any CPU
		{64556A5B-5F5B-4DF1-8472-777E8C28D0EA}.Debug|Any CPU.Build.0 = Debug|Any CPU
		{64556A5B-5F5B-4DF1-8472-777E8C28D0EA}.Release|Any CPU.ActiveCfg = Release|Any CPU
		{64556A5B-5F5B-4DF1-8472-777E8C28D0EA}.Release|Any CPU.Build.0 = Release|Any CPU
	EndGlobalSection
	GlobalSection(SolutionProperties) = preSolution
		HideSolutionNode = FALSE
	EndGlobalSection
	GlobalSection(ExtensibilityGlobals) = postSolution
		SolutionGuid = {CA85A9CA-2137-43B8-8475-F433907A792C}
	EndGlobalSection
EndGlobal
